// !$*UTF8*$!
{
	archiveVersion = 1;
	classes = {
	};
	objectVersion = 46;
	objects = {

/* Begin PBXBuildFile section */
		F2A166581C034E90007E21B6 /* main.m in Sources */ = {isa = PBXBuildFile; fileRef = F2A166571C034E90007E21B6 /* main.m */; };
		F2A1665B1C034E90007E21B6 /* AppDelegate.m in Sources */ = {isa = PBXBuildFile; fileRef = F2A1665A1C034E90007E21B6 /* AppDelegate.m */; };
		F2A1665E1C034E90007E21B6 /* ViewController.m in Sources */ = {isa = PBXBuildFile; fileRef = F2A1665D1C034E90007E21B6 /* ViewController.m */; };
		F2A166611C034E90007E21B6 /* Main.storyboard in Resources */ = {isa = PBXBuildFile; fileRef = F2A1665F1C034E90007E21B6 /* Main.storyboard */; };
		F2A166631C034E90007E21B6 /* Assets.xcassets in Resources */ = {isa = PBXBuildFile; fileRef = F2A166621C034E90007E21B6 /* Assets.xcassets */; };
		F2A166661C034E90007E21B6 /* LaunchScreen.storyboard in Resources */ = {isa = PBXBuildFile; fileRef = F2A166641C034E90007E21B6 /* LaunchScreen.storyboard */; };
		F2A166711C034E90007E21B6 /* calculatehieghtTextviewTests.m in Sources */ = {isa = PBXBuildFile; fileRef = F2A166701C034E90007E21B6 /* calculatehieghtTextviewTests.m */; };
		F2A1667C1C034E90007E21B6 /* calculatehieghtTextviewUITests.m in Sources */ = {isa = PBXBuildFile; fileRef = F2A1667B1C034E90007E21B6 /* calculatehieghtTextviewUITests.m */; };
/* End PBXBuildFile section */

/* Begin PBXContainerItemProxy section */
		F2A1666D1C034E90007E21B6 /* PBXContainerItemProxy */ = {
			isa = PBXContainerItemProxy;
			containerPortal = F2A1664B1C034E90007E21B6 /* Project object */;
			proxyType = 1;
			remoteGlobalIDString = F2A166521C034E90007E21B6;
			remoteInfo = calculatehieghtTextview;
		};
		F2A166781C034E90007E21B6 /* PBXContainerItemProxy */ = {
			isa = PBXContainerItemProxy;
			containerPortal = F2A1664B1C034E90007E21B6 /* Project object */;
			proxyType = 1;
			remoteGlobalIDString = F2A166521C034E90007E21B6;
			remoteInfo = calculatehieghtTextview;
		};
/* End PBXContainerItemProxy section */

/* Begin PBXFileReference section */
		F2A166531C034E90007E21B6 /* calculatehieghtTextview.app */ = {isa = PBXFileReference; explicitFileType = wrapper.application; includeInIndex = 0; path = calculatehieghtTextview.app; sourceTree = BUILT_PRODUCTS_DIR; };
		F2A166571C034E90007E21B6 /* main.m */ = {isa = PBXFileReference; lastKnownFileType = sourcecode.c.objc; path = main.m; sourceTree = "<group>"; };
		F2A166591C034E90007E21B6 /* AppDelegate.h */ = {isa = PBXFileReference; lastKnownFileType = sourcecode.c.h; path = AppDelegate.h; sourceTree = "<group>"; };
		F2A1665A1C034E90007E21B6 /* AppDelegate.m */ = {isa = PBXFileReference; lastKnownFileType = sourcecode.c.objc; path = AppDelegate.m; sourceTree = "<group>"; };
		F2A1665C1C034E90007E21B6 /* ViewController.h */ = {isa = PBXFileReference; lastKnownFileType = sourcecode.c.h; path = ViewController.h; sourceTree = "<group>"; };
		F2A1665D1C034E90007E21B6 /* ViewController.m */ = {isa = PBXFileReference; lastKnownFileType = sourcecode.c.objc; path = ViewController.m; sourceTree = "<group>"; };
		F2A166601C034E90007E21B6 /* Base */ = {isa = PBXFileReference; lastKnownFileType = file.storyboard; name = Base; path = Base.lproj/Main.storyboard; sourceTree = "<group>"; };
		F2A166621C034E90007E21B6 /* Assets.xcassets */ = {isa = PBXFileReference; lastKnownFileType = folder.assetcatalog; path = Assets.xcassets; sourceTree = "<group>"; };
		F2A166651C034E90007E21B6 /* Base */ = {isa = PBXFileReference; lastKnownFileType = file.storyboard; name = Base; path = Base.lproj/LaunchScreen.storyboard; sourceTree = "<group>"; };
		F2A166671C034E90007E21B6 /* Info.plist */ = {isa = PBXFileReference; lastKnownFileType = text.plist.xml; path = Info.plist; sourceTree = "<group>"; };
		F2A1666C1C034E90007E21B6 /* calculatehieghtTextviewTests.xctest */ = {isa = PBXFileReference; explicitFileType = wrapper.cfbundle; includeInIndex = 0; path = calculatehieghtTextviewTests.xctest; sourceTree = BUILT_PRODUCTS_DIR; };
		F2A166701C034E90007E21B6 /* calculatehieghtTextviewTests.m */ = {isa = PBXFileReference; lastKnownFileType = sourcecode.c.objc; path = calculatehieghtTextviewTests.m; sourceTree = "<group>"; };
		F2A166721C034E90007E21B6 /* Info.plist */ = {isa = PBXFileReference; lastKnownFileType = text.plist.xml; path = Info.plist; sourceTree = "<group>"; };
		F2A166771C034E90007E21B6 /* calculatehieghtTextviewUITests.xctest */ = {isa = PBXFileReference; explicitFileType = wrapper.cfbundle; includeInIndex = 0; path = calculatehieghtTextviewUITests.xctest; sourceTree = BUILT_PRODUCTS_DIR; };
		F2A1667B1C034E90007E21B6 /* calculatehieghtTextviewUITests.m */ = {isa = PBXFileReference; lastKnownFileType = sourcecode.c.objc; path = calculatehieghtTextviewUITests.m; sourceTree = "<group>"; };
		F2A1667D1C034E90007E21B6 /* Info.plist */ = {isa = PBXFileReference; lastKnownFileType = text.plist.xml; path = Info.plist; sourceTree = "<group>"; };
/* End PBXFileReference section */

/* Begin PBXFrameworksBuildPhase section */
		F2A166501C034E90007E21B6 /* Frameworks */ = {
			isa = PBXFrameworksBuildPhase;
			buildActionMask = 2147483647;
			files = (
			);
			runOnlyForDeploymentPostprocessing = 0;
		};
		F2A166691C034E90007E21B6 /* Frameworks */ = {
			isa = PBXFrameworksBuildPhase;
			buildActionMask = 2147483647;
			files = (
			);
			runOnlyForDeploymentPostprocessing = 0;
		};
		F2A166741C034E90007E21B6 /* Frameworks */ = {
			isa = PBXFrameworksBuildPhase;
			buildActionMask = 2147483647;
			files = (
			);
			runOnlyForDeploymentPostprocessing = 0;
		};
/* End PBXFrameworksBuildPhase section */

/* Begin PBXGroup section */
		F2A1664A1C034E90007E21B6 = {
			isa = PBXGroup;
			children = (
				F2A166551C034E90007E21B6 /* calculatehieghtTextview */,
				F2A1666F1C034E90007E21B6 /* calculatehieghtTextviewTests */,
				F2A1667A1C034E90007E21B6 /* calculatehieghtTextviewUITests */,
				F2A166541C034E90007E21B6 /* Products */,
			);
			sourceTree = "<group>";
		};
		F2A166541C034E90007E21B6 /* Products */ = {
			isa = PBXGroup;
			children = (
				F2A166531C034E90007E21B6 /* calculatehieghtTextview.app */,
				F2A1666C1C034E90007E21B6 /* calculatehieghtTextviewTests.xctest */,
				F2A166771C034E90007E21B6 /* calculatehieghtTextviewUITests.xctest */,
			);
			name = Products;
			sourceTree = "<group>";
		};
		F2A166551C034E90007E21B6 /* calculatehieghtTextview */ = {
			isa = PBXGroup;
			children = (
				F2A166591C034E90007E21B6 /* AppDelegate.h */,
				F2A1665A1C034E90007E21B6 /* AppDelegate.m */,
				F2A1665C1C034E90007E21B6 /* ViewController.h */,
				F2A1665D1C034E90007E21B6 /* ViewController.m */,
				F2A1665F1C034E90007E21B6 /* Main.storyboard */,
				F2A166621C034E90007E21B6 /* Assets.xcassets */,
				F2A166641C034E90007E21B6 /* LaunchScreen.storyboard */,
				F2A166671C034E90007E21B6 /* Info.plist */,
				F2A166561C034E90007E21B6 /* Supporting Files */,
			);
			path = calculatehieghtTextview;
			sourceTree = "<group>";
		};
		F2A166561C034E90007E21B6 /* Supporting Files */ = {
			isa = PBXGroup;
			children = (
				F2A166571C034E90007E21B6 /* main.m */,
			);
			name = "Supporting Files";
			sourceTree = "<group>";
		};
		F2A1666F1C034E90007E21B6 /* calculatehieghtTextviewTests */ = {
			isa = PBXGroup;
			children = (
				F2A166701C034E90007E21B6 /* calculatehieghtTextviewTests.m */,
				F2A166721C034E90007E21B6 /* Info.plist */,
			);
			path = calculatehieghtTextviewTests;
			sourceTree = "<group>";
		};
		F2A1667A1C034E90007E21B6 /* calculatehieghtTextviewUITests */ = {
			isa = PBXGroup;
			children = (
				F2A1667B1C034E90007E21B6 /* calculatehieghtTextviewUITests.m */,
				F2A1667D1C034E90007E21B6 /* Info.plist */,
			);
			path = calculatehieghtTextviewUITests;
			sourceTree = "<group>";
		};
/* End PBXGroup section */

/* Begin PBXNativeTarget section */
		F2A166521C034E90007E21B6 /* calculatehieghtTextview */ = {
			isa = PBXNativeTarget;
			buildConfigurationList = F2A166801C034E90007E21B6 /* Build configuration list for PBXNativeTarget "calculatehieghtTextview" */;
			buildPhases = (
				F2A1664F1C034E90007E21B6 /* Sources */,
				F2A166501C034E90007E21B6 /* Frameworks */,
				F2A166511C034E90007E21B6 /* Resources */,
			);
			buildRules = (
			);
			dependencies = (
			);
			name = calculatehieghtTextview;
			productName = calculatehieghtTextview;
			productReference = F2A166531C034E90007E21B6 /* calculatehieghtTextview.app */;
			productType = "com.apple.product-type.application";
		};
		F2A1666B1C034E90007E21B6 /* calculatehieghtTextviewTests */ = {
			isa = PBXNativeTarget;
			buildConfigurationList = F2A166831C034E90007E21B6 /* Build configuration list for PBXNativeTarget "calculatehieghtTextviewTests" */;
			buildPhases = (
				F2A166681C034E90007E21B6 /* Sources */,
				F2A166691C034E90007E21B6 /* Frameworks */,
				F2A1666A1C034E90007E21B6 /* Resources */,
			);
			buildRules = (
			);
			dependencies = (
				F2A1666E1C034E90007E21B6 /* PBXTargetDependency */,
			);
			name = calculatehieghtTextviewTests;
			productName = calculatehieghtTextviewTests;
			productReference = F2A1666C1C034E90007E21B6 /* calculatehieghtTextviewTests.xctest */;
			productType = "com.apple.product-type.bundle.unit-test";
		};
		F2A166761C034E90007E21B6 /* calculatehieghtTextviewUITests */ = {
			isa = PBXNativeTarget;
			buildConfigurationList = F2A166861C034E90007E21B6 /* Build configuration list for PBXNativeTarget "calculatehieghtTextviewUITests" */;
			buildPhases = (
				F2A166731C034E90007E21B6 /* Sources */,
				F2A166741C034E90007E21B6 /* Frameworks */,
				F2A166751C034E90007E21B6 /* Resources */,
			);
			buildRules = (
			);
			dependencies = (
				F2A166791C034E90007E21B6 /* PBXTargetDependency */,
			);
			name = calculatehieghtTextviewUITests;
			productName = calculatehieghtTextviewUITests;
			productReference = F2A166771C034E90007E21B6 /* calculatehieghtTextviewUITests.xctest */;
			productType = "com.apple.product-type.bundle.ui-testing";
		};
/* End PBXNativeTarget section */

/* Begin PBXProject section */
		F2A1664B1C034E90007E21B6 /* Project object */ = {
			isa = PBXProject;
			attributes = {
				LastUpgradeCheck = 0710;
				ORGANIZATIONNAME = ios;
				TargetAttributes = {
					F2A166521C034E90007E21B6 = {
						CreatedOnToolsVersion = 7.1.1;
					};
					F2A1666B1C034E90007E21B6 = {
						CreatedOnToolsVersion = 7.1.1;
						TestTargetID = F2A166521C034E90007E21B6;
					};
					F2A166761C034E90007E21B6 = {
						CreatedOnToolsVersion = 7.1.1;
						TestTargetID = F2A166521C034E90007E21B6;
					};
				};
			};
			buildConfigurationList = F2A1664E1C034E90007E21B6 /* Build configuration list for PBXProject "calculatehieghtTextview" */;
			compatibilityVersion = "Xcode 3.2";
			developmentRegion = English;
			hasScannedForEncodings = 0;
			knownRegions = (
				en,
				Base,
			);
			mainGroup = F2A1664A1C034E90007E21B6;
			productRefGroup = F2A166541C034E90007E21B6 /* Products */;
			projectDirPath = "";
			projectRoot = "";
			targets = (
				F2A166521C034E90007E21B6 /* calculatehieghtTextview */,
				F2A1666B1C034E90007E21B6 /* calculatehieghtTextviewTests */,
				F2A166761C034E90007E21B6 /* calculatehieghtTextviewUITests */,
			);
		};
/* End PBXProject section */

/* Begin PBXResourcesBuildPhase section */
		F2A166511C034E90007E21B6 /* Resources */ = {
			isa = PBXResourcesBuildPhase;
			buildActionMask = 2147483647;
			files = (
				F2A166661C034E90007E21B6 /* LaunchScreen.storyboard in Resources */,
				F2A166631C034E90007E21B6 /* Assets.xcassets in Resources */,
				F2A166611C034E90007E21B6 /* Main.storyboard in Resources */,
			);
			runOnlyForDeploymentPostprocessing = 0;
		};
		F2A1666A1C034E90007E21B6 /* Resources */ = {
			isa = PBXResourcesBuildPhase;
			buildActionMask = 2147483647;
			files = (
			);
			runOnlyForDeploymentPostprocessing = 0;
		};
		F2A166751C034E90007E21B6 /* Resources */ = {
			isa = PBXResourcesBuildPhase;
			buildActionMask = 2147483647;
			files = (
			);
			runOnlyForDeploymentPostprocessing = 0;
		};
/* End PBXResourcesBuildPhase section */

/* Begin PBXSourcesBuildPhase section */
		F2A1664F1C034E90007E21B6 /* Sources */ = {
			isa = PBXSourcesBuildPhase;
			buildActionMask = 2147483647;
			files = (
				F2A1665E1C034E90007E21B6 /* ViewController.m in Sources */,
				F2A1665B1C034E90007E21B6 /* AppDelegate.m in Sources */,
				F2A166581C034E90007E21B6 /* main.m in Sources */,
			);
			runOnlyForDeploymentPostprocessing = 0;
		};
		F2A166681C034E90007E21B6 /* Sources */ = {
			isa = PBXSourcesBuildPhase;
			buildActionMask = 2147483647;
			files = (
				F2A166711C034E90007E21B6 /* calculatehieghtTextviewTests.m in Sources */,
			);
			runOnlyForDeploymentPostprocessing = 0;
		};
		F2A166731C034E90007E21B6 /* Sources */ = {
			isa = PBXSourcesBuildPhase;
			buildActionMask = 2147483647;
			files = (
				F2A1667C1C034E90007E21B6 /* calculatehieghtTextviewUITests.m in Sources */,
			);
			runOnlyForDeploymentPostprocessing = 0;
		};
/* End PBXSourcesBuildPhase section */

/* Begin PBXTargetDependency section */
		F2A1666E1C034E90007E21B6 /* PBXTargetDependency */ = {
			isa = PBXTargetDependency;
			target = F2A166521C034E90007E21B6 /* calculatehieghtTextview */;
			targetProxy = F2A1666D1C034E90007E21B6 /* PBXContainerItemProxy */;
		};
		F2A166791C034E90007E21B6 /* PBXTargetDependency */ = {
			isa = PBXTargetDependency;
			target = F2A166521C034E90007E21B6 /* calculatehieghtTextview */;
			targetProxy = F2A166781C034E90007E21B6 /* PBXContainerItemProxy */;
		};
/* End PBXTargetDependency section */

/* Begin PBXVariantGroup section */
		F2A1665F1C034E90007E21B6 /* Main.storyboard */ = {
			isa = PBXVariantGroup;
			children = (
				F2A166601C034E90007E21B6 /* Base */,
			);
			name = Main.storyboard;
			sourceTree = "<group>";
		};
		F2A166641C034E90007E21B6 /* LaunchScreen.storyboard */ = {
			isa = PBXVariantGroup;
			children = (
				F2A166651C034E90007E21B6 /* Base */,
			);
			name = LaunchScreen.storyboard;
			sourceTree = "<group>";
		};
/* End PBXVariantGroup section */

/* Begin XCBuildConfiguration section */
		F2A1667E1C034E90007E21B6 /* Debug */ = {
			isa = XCBuildConfiguration;
			buildSettings = {
				ALWAYS_SEARCH_USER_PATHS = NO;
				CLANG_CXX_LANGUAGE_STANDARD = "gnu++0x";
				CLANG_CXX_LIBRARY = "libc++";
				CLANG_ENABLE_MODULES = YES;
				CLANG_ENABLE_OBJC_ARC = YES;
				CLANG_WARN_BOOL_CONVERSION = YES;
				CLANG_WARN_CONSTANT_CONVERSION = YES;
				CLANG_WARN_DIRECT_OBJC_ISA_USAGE = YES_ERROR;
				CLANG_WARN_EMPTY_BODY = YES;
				CLANG_WARN_ENUM_CONVERSION = YES;
				CLANG_WARN_INT_CONVERSION = YES;
				CLANG_WARN_OBJC_ROOT_CLASS = YES_ERROR;
				CLANG_WARN_UNREACHABLE_CODE = YES;
				CLANG_WARN__DUPLICATE_METHOD_MATCH = YES;
				"CODE_SIGN_IDENTITY[sdk=iphoneos*]" = "iPhone Developer";
				COPY_PHASE_STRIP = NO;
				DEBUG_INFORMATION_FORMAT = dwarf;
				ENABLE_STRICT_OBJC_MSGSEND = YES;
				ENABLE_TESTABILITY = YES;
				GCC_C_LANGUAGE_STANDARD = gnu99;
				GCC_DYNAMIC_NO_PIC = NO;
				GCC_NO_COMMON_BLOCKS = YES;
				GCC_OPTIMIZATION_LEVEL = 0;
				GCC_PREPROCESSOR_DEFINITIONS = (
					"DEBUG=1",
					"$(inherited)",
				);
				GCC_WARN_64_TO_32_BIT_CONVERSION = YES;
				GCC_WARN_ABOUT_RETURN_TYPE = YES_ERROR;
				GCC_WARN_UNDECLARED_SELECTOR = YES;
				GCC_WARN_UNINITIALIZED_AUTOS = YES_AGGRESSIVE;
				GCC_WARN_UNUSED_FUNCTION = YES;
				GCC_WARN_UNUSED_VARIABLE = YES;
				IPHONEOS_DEPLOYMENT_TARGET = 9.1;
				MTL_ENABLE_DEBUG_INFO = YES;
				ONLY_ACTIVE_ARCH = YES;
				SDKROOT = iphoneos;
			};
			name = Debug;
		};
		F2A1667F1C034E90007E21B6 /* Release */ = {
			isa = XCBuildConfiguration;
			buildSettings = {
				ALWAYS_SEARCH_USER_PATHS = NO;
				CLANG_CXX_LANGUAGE_STANDARD = "gnu++0x";
				CLANG_CXX_LIBRARY = "libc++";
				CLANG_ENABLE_MODULES = YES;
				CLANG_ENABLE_OBJC_ARC = YES;
				CLANG_WARN_BOOL_CONVERSION = YES;
				CLANG_WARN_CONSTANT_CONVERSION = YES;
				CLANG_WARN_DIRECT_OBJC_ISA_USAGE = YES_ERROR;
				CLANG_WARN_EMPTY_BODY = YES;
				CLANG_WARN_ENUM_CONVERSION = YES;
				CLANG_WARN_INT_CONVERSION = YES;
				CLANG_WARN_OBJC_ROOT_CLASS = YES_ERROR;
				CLANG_WARN_UNREACHABLE_CODE = YES;
				CLANG_WARN__DUPLICATE_METHOD_MATCH = YES;
				"CODE_SIGN_IDENTITY[sdk=iphoneos*]" = "iPhone Developer";
				COPY_PHASE_STRIP = NO;
				DEBUG_INFORMATION_FORMAT = "dwarf-with-dsym";
				ENABLE_NS_ASSERTIONS = NO;
				ENABLE_STRICT_OBJC_MSGSEND = YES;
				GCC_C_LANGUAGE_STANDARD = gnu99;
				GCC_NO_COMMON_BLOCKS = YES;
				GCC_WARN_64_TO_32_BIT_CONVERSION = YES;
				GCC_WARN_ABOUT_RETURN_TYPE = YES_ERROR;
				GCC_WARN_UNDECLARED_SELECTOR = YES;
				GCC_WARN_UNINITIALIZED_AUTOS = YES_AGGRESSIVE;
				GCC_WARN_UNUSED_FUNCTION = YES;
				GCC_WARN_UNUSED_VARIABLE = YES;
				IPHONEOS_DEPLOYMENT_TARGET = 9.1;
				MTL_ENABLE_DEBUG_INFO = NO;
				SDKROOT = iphoneos;
				VALIDATE_PRODUCT = YES;
			};
			name = Release;
		};
		F2A166811C034E90007E21B6 /* Debug */ = {
			isa = XCBuildConfiguration;
			buildSettings = {
				ASSETCATALOG_COMPILER_APPICON_NAME = AppIcon;
				INFOPLIST_FILE = calculatehieghtTextview/Info.plist;
				LD_RUNPATH_SEARCH_PATHS = "$(inherited) @executable_path/Frameworks";
				PRODUCT_BUNDLE_IDENTIFIER = ios.calculatehieghtTextview;
				PRODUCT_NAME = "$(TARGET_NAME)";
			};
			name = Debug;
		};
		F2A166821C034E90007E21B6 /* Release */ = {
			isa = XCBuildConfiguration;
			buildSettings = {
				ASSETCATALOG_COMPILER_APPICON_NAME = AppIcon;
				INFOPLIST_FILE = calculatehieghtTextview/Info.plist;
				LD_RUNPATH_SEARCH_PATHS = "$(inherited) @executable_path/Frameworks";
				PRODUCT_BUNDLE_IDENTIFIER = ios.calculatehieghtTextview;
				PRODUCT_NAME = "$(TARGET_NAME)";
			};
			name = Release;
		};
		F2A166841C034E90007E21B6 /* Debug */ = {
			isa = XCBuildConfiguration;
			buildSettings = {
				BUNDLE_LOADER = "$(TEST_HOST)";
				INFOPLIST_FILE = calculatehieghtTextviewTests/Info.plist;
				LD_RUNPATH_SEARCH_PATHS = "$(inherited) @executable_path/Frameworks @loader_path/Frameworks";
				PRODUCT_BUNDLE_IDENTIFIER = ios.calculatehieghtTextviewTests;
				PRODUCT_NAME = "$(TARGET_NAME)";
				TEST_HOST = "$(BUILT_PRODUCTS_DIR)/calculatehieghtTextview.app/calculatehieghtTextview";
			};
			name = Debug;
		};
		F2A166851C034E90007E21B6 /* Release */ = {
			isa = XCBuildConfiguration;
			buildSettings = {
				BUNDLE_LOADER = "$(TEST_HOST)";
				INFOPLIST_FILE = calculatehieghtTextviewTests/Info.plist;
				LD_RUNPATH_SEARCH_PATHS = "$(inherited) @executable_path/Frameworks @loader_path/Frameworks";
				PRODUCT_BUNDLE_IDENTIFIER = ios.calculatehieghtTextviewTests;
				PRODUCT_NAME = "$(TARGET_NAME)";
				TEST_HOST = "$(BUILT_PRODUCTS_DIR)/calculatehieghtTextview.app/calculatehieghtTextview";
			};
			name = Release;
		};
		F2A166871C034E90007E21B6 /* Debug */ = {
			isa = XCBuildConfiguration;
			buildSettings = {
				INFOPLIST_FILE = calculatehieghtTextviewUITests/Info.plist;
				LD_RUNPATH_SEARCH_PATHS = "$(inherited) @executable_path/Frameworks @loader_path/Frameworks";
				PRODUCT_BUNDLE_IDENTIFIER = ios.calculatehieghtTextviewUITests;
				PRODUCT_NAME = "$(TARGET_NAME)";
				TEST_TARGET_NAME = calculatehieghtTextview;
				USES_XCTRUNNER = YES;
			};
			name = Debug;
		};
		F2A166881C034E90007E21B6 /* Release */ = {
			isa = XCBuildConfiguration;
			buildSettings = {
				INFOPLIST_FILE = calculatehieghtTextviewUITests/Info.plist;
				LD_RUNPATH_SEARCH_PATHS = "$(inherited) @executable_path/Frameworks @loader_path/Frameworks";
				PRODUCT_BUNDLE_IDENTIFIER = ios.calculatehieghtTextviewUITests;
				PRODUCT_NAME = "$(TARGET_NAME)";
				TEST_TARGET_NAME = calculatehieghtTextview;
				USES_XCTRUNNER = YES;
			};
			name = Release;
		};
/* End XCBuildConfiguration section */

/* Begin XCConfigurationList section */
		F2A1664E1C034E90007E21B6 /* Build configuration list for PBXProject "calculatehieghtTextview" */ = {
			isa = XCConfigurationList;
			buildConfigurations = (
				F2A1667E1C034E90007E21B6 /* Debug */,
				F2A1667F1C034E90007E21B6 /* Release */,
			);
			defaultConfigurationIsVisible = 0;
			defaultConfigurationName = Release;
		};
		F2A166801C034E90007E21B6 /* Build configuration list for PBXNativeTarget "calculatehieghtTextview" */ = {
			isa = XCConfigurationList;
			buildConfigurations = (
				F2A166811C034E90007E21B6 /* Debug */,
				F2A166821C034E90007E21B6 /* Release */,
			);
			defaultConfigurationIsVisible = 0;
		};
		F2A166831C034E90007E21B6 /* Build configuration list for PBXNativeTarget "calculatehieghtTextviewTests" */ = {
			isa = XCConfigurationList;
			buildConfigurations = (
				F2A166841C034E90007E21B6 /* Debug */,
				F2A166851C034E90007E21B6 /* Release */,
			);
			defaultConfigurationIsVisible = 0;
		};
		F2A166861C034E90007E21B6 /* Build configuration list for PBXNativeTarget "calculatehieghtTextviewUITests" */ = {
			isa = XCConfigurationList;
			buildConfigurations = (
				F2A166871C034E90007E21B6 /* Debug */,
				F2A166881C034E90007E21B6 /* Release */,
			);
			defaultConfigurationIsVisible = 0;
		};
/* End XCConfigurationList section */
	};
	rootObject = F2A1664B1C034E90007E21B6 /* Project object */;
}
